<Solution>
  <Folder Name="/src/" />
  <Folder Name="/src/API/">
    <Project Path="src/API/Halter.API.csproj" />
  </Folder>
  <Folder Name="/src/Application/">
    <Project Path="src/Application/Halter.Application.csproj" />
  </Folder>
  <Folder Name="/src/Domain/">
    <Project Path="src/Domain/Halter.Domain.csproj" />
  </Folder>
  <Folder Name="/src/Infrastructure/">
    <Project Path="src/Infrastructure/Halter.Infrastructure.csproj" />
  </Folder>
</Solution>
